PODS:
  - Flutter (1.0.0)
  - stockfish (1.5.0):
    - Flutter

DEPENDENCIES:
  - Flutter (from `Flutter`)
  - stockfish (from `.symlinks/plugins/stockfish/ios`)

EXTERNAL SOURCES:
  Flutter:
    :path: Flutter
  stockfish:
    :path: ".symlinks/plugins/stockfish/ios"

SPEC CHECKSUMS:
  Flutter: e0871f40cf51350855a761d2e70bf5af5b9b5de7
  stockfish: 819bf4544d1e76a01da13af56324c69b3bf7928f

PODFILE CHECKSUM: c4c93c5f6502fe2754f48404d3594bf779584011

COCOAPODS: 1.15.2
